# This file is automatically @generated by Cargo.
# It is not intended for manual editing.
version = 3

[[package]]
name = "critical-section"
version = "1.1.2"
source = "registry+https://github.com/rust-lang/crates.io-index"
checksum = "7059fff8937831a9ae6f0fe4d658ffabf58f2ca96aa9dec1c889f936f705f216"

[[package]]
name = "embedded-hal"
version = "1.0.0-rc.3"
source = "registry+https://github.com/rust-lang/crates.io-index"
checksum = "bc402f79e1fd22731ca945b4f97b5ff37e7b3f379312595c42bb2e8811c29920"

[[package]]
name = "riscv"
version = "0.10.1"
source = "git+https://github.com/rust-embedded/riscv?branch=master#d3bad8eea463e53157cacc3390665a46fa1e9962"
dependencies = [
 "critical-section",
 "embedded-hal",
]

[[package]]
name = "riscv-peripheral"
version = "0.1.0"
source = "git+https://github.com/onsdagens/riscv-peripheral#14c30d2ecddb68784d9b30620bc0f94e265d3562"
dependencies = [
 "embedded-hal",
 "riscv",
]

[[package]]
name = "syncrim-pac"
version = "0.1.0"
dependencies = [
 "riscv-peripheral",
]
